
Microsoft Visual Studio Solution File, Format Version 12.00
# Visual Studio Version 16
VisualStudioVersion = 16.0.29509.3
MinimumVisualStudioVersion = 10.0.40219.1
Project("{FAE04EC0-301F-11D3-BF4B-00C04F79EFBC}") = "addressbook_web_test", "addressbook_web_test\addressbook_web_test.csproj", "{5A404837-7BC7-40DE-B042-BFF839FA2899}"
EndProject
Global
	GlobalSection(SolutionConfigurationPlatforms) = preSolution
		Debug|Any CPU = Debug|Any CPU
		Release|Any CPU = Release|Any CPU
	EndGlobalSection
	GlobalSection(ProjectConfigurationPlatforms) = postSolution
		{5A404837-7BC7-40DE-B042-BFF839FA2899}.Debug|Any CPU.ActiveCfg = Debug|Any CPU
		{5A404837-7BC7-40DE-B042-BFF839FA2899}.Debug|Any CPU.Build.0 = Debug|Any CPU
		{5A404837-7BC7-40DE-B042-BFF839FA2899}.Release|Any CPU.ActiveCfg = Release|Any CPU
		{5A404837-7BC7-40DE-B042-BFF839FA2899}.Release|Any CPU.Build.0 = Release|Any CPU
	EndGlobalSection
	GlobalSection(SolutionProperties) = preSolution
		HideSolutionNode = FALSE
	EndGlobalSection
	GlobalSection(ExtensibilityGlobals) = postSolution
		SolutionGuid = {09DDD610-84BE-4A8D-8B1A-602663C2E214}
	EndGlobalSection
EndGlobal
